// !$*UTF8*$!
{
	archiveVersion = 1;
	classes = {
	};
	objectVersion = 50;
	objects = {

/* Begin PBXBuildFile section */
		9635EB0C2695F29100BAAF57 /* ImageMessageView.xib in Resources */ = {isa = PBXBuildFile; fileRef = 9635EB0A2695F29100BAAF57 /* ImageMessageView.xib */; };
		9635EB0D2695F29100BAAF57 /* ImageMessageView.swift in Sources */ = {isa = PBXBuildFile; fileRef = 9635EB0B2695F29100BAAF57 /* ImageMessageView.swift */; };
		9635EB0F2695F49500BAAF57 /* MessageCalculate.swift in Sources */ = {isa = PBXBuildFile; fileRef = 9635EB0E2695F49500BAAF57 /* MessageCalculate.swift */; };
		9635EB1126969BBD00BAAF57 /* FriendImageMessageCell.swift in Sources */ = {isa = PBXBuildFile; fileRef = 9635EB1026969BBD00BAAF57 /* FriendImageMessageCell.swift */; };
		9635EB1326969BC800BAAF57 /* MyImageMessageCell.swift in Sources */ = {isa = PBXBuildFile; fileRef = 9635EB1226969BC800BAAF57 /* MyImageMessageCell.swift */; };
		9635EB2026969D7400BAAF57 /* ChestMessageView.xib in Resources */ = {isa = PBXBuildFile; fileRef = 9635EB1426969D7400BAAF57 /* ChestMessageView.xib */; };
		9635EB2126969D7400BAAF57 /* StickerMessageView.xib in Resources */ = {isa = PBXBuildFile; fileRef = 9635EB1526969D7400BAAF57 /* StickerMessageView.xib */; };
		9635EB2226969D7400BAAF57 /* StickersComboMessageView.xib in Resources */ = {isa = PBXBuildFile; fileRef = 9635EB1626969D7400BAAF57 /* StickersComboMessageView.xib */; };
		9635EB2326969D7400BAAF57 /* ReplyMessageView.xib in Resources */ = {isa = PBXBuildFile; fileRef = 9635EB1726969D7400BAAF57 /* ReplyMessageView.xib */; };
		9635EB2426969D7400BAAF57 /* VideoMessageView.swift in Sources */ = {isa = PBXBuildFile; fileRef = 9635EB1826969D7400BAAF57 /* VideoMessageView.swift */; };
		9635EB2526969D7400BAAF57 /* StickersComboMessageView.swift in Sources */ = {isa = PBXBuildFile; fileRef = 9635EB1926969D7400BAAF57 /* StickersComboMessageView.swift */; };
		9635EB2626969D7400BAAF57 /* VideoMessageView.xib in Resources */ = {isa = PBXBuildFile; fileRef = 9635EB1A26969D7400BAAF57 /* VideoMessageView.xib */; };
		9635EB2726969D7400BAAF57 /* ChestMessageView.swift in Sources */ = {isa = PBXBuildFile; fileRef = 9635EB1B26969D7400BAAF57 /* ChestMessageView.swift */; };
		9635EB2826969D7400BAAF57 /* AudioMessageView.swift in Sources */ = {isa = PBXBuildFile; fileRef = 9635EB1C26969D7400BAAF57 /* AudioMessageView.swift */; };
		9635EB2926969D7400BAAF57 /* ReplyMessageView.swift in Sources */ = {isa = PBXBuildFile; fileRef = 9635EB1D26969D7400BAAF57 /* ReplyMessageView.swift */; };
		9635EB2A26969D7400BAAF57 /* StickerMessageView.swift in Sources */ = {isa = PBXBuildFile; fileRef = 9635EB1E26969D7400BAAF57 /* StickerMessageView.swift */; };
		9635EB2B26969D7400BAAF57 /* AudioMessageView.xib in Resources */ = {isa = PBXBuildFile; fileRef = 9635EB1F26969D7400BAAF57 /* AudioMessageView.xib */; };
		9635EB2D26969FE700BAAF57 /* MyAudioMessageCell.swift in Sources */ = {isa = PBXBuildFile; fileRef = 9635EB2C26969FE700BAAF57 /* MyAudioMessageCell.swift */; };
		9635EB2F2696A03A00BAAF57 /* MyChestMessageCell.swift in Sources */ = {isa = PBXBuildFile; fileRef = 9635EB2E2696A03A00BAAF57 /* MyChestMessageCell.swift */; };
		9635EB312696A07A00BAAF57 /* MyStickerMessageCell.swift in Sources */ = {isa = PBXBuildFile; fileRef = 9635EB302696A07A00BAAF57 /* MyStickerMessageCell.swift */; };
		9635EB332696A15400BAAF57 /* MyVideoMessageCell.swift in Sources */ = {isa = PBXBuildFile; fileRef = 9635EB322696A15400BAAF57 /* MyVideoMessageCell.swift */; };
		9635EB352696A20A00BAAF57 /* FriendAudioMessageCell.swift in Sources */ = {isa = PBXBuildFile; fileRef = 9635EB342696A20A00BAAF57 /* FriendAudioMessageCell.swift */; };
		9635EB372696A24A00BAAF57 /* FriendChestMessageCell.swift in Sources */ = {isa = PBXBuildFile; fileRef = 9635EB362696A24A00BAAF57 /* FriendChestMessageCell.swift */; };
		9635EB392696A28100BAAF57 /* FullChestMessageCell.swift in Sources */ = {isa = PBXBuildFile; fileRef = 9635EB382696A28100BAAF57 /* FullChestMessageCell.swift */; };
		9635EB3B2696A32C00BAAF57 /* FriendStickerMessageCell.swift in Sources */ = {isa = PBXBuildFile; fileRef = 9635EB3A2696A32C00BAAF57 /* FriendStickerMessageCell.swift */; };
		9635EB3D2696A37100BAAF57 /* FriendVideoMessageCell.swift in Sources */ = {isa = PBXBuildFile; fileRef = 9635EB3C2696A37100BAAF57 /* FriendVideoMessageCell.swift */; };
		963EAC8C2691597B00624356 /* AppDelegate.swift in Sources */ = {isa = PBXBuildFile; fileRef = 963EAC8B2691597B00624356 /* AppDelegate.swift */; };
		963EAC902691597B00624356 /* ViewController.swift in Sources */ = {isa = PBXBuildFile; fileRef = 963EAC8F2691597B00624356 /* ViewController.swift */; };
		963EAC932691597B00624356 /* Main.storyboard in Resources */ = {isa = PBXBuildFile; fileRef = 963EAC912691597B00624356 /* Main.storyboard */; };
		963EAC952691597C00624356 /* Assets.xcassets in Resources */ = {isa = PBXBuildFile; fileRef = 963EAC942691597C00624356 /* Assets.xcassets */; };
		963EAC982691597C00624356 /* LaunchScreen.storyboard in Resources */ = {isa = PBXBuildFile; fileRef = 963EAC962691597C00624356 /* LaunchScreen.storyboard */; };
		963EACA026915A9C00624356 /* ViewConstraints.swift in Sources */ = {isa = PBXBuildFile; fileRef = 963EAC9F26915A9C00624356 /* ViewConstraints.swift */; };
		963EACA32691C92D00624356 /* BasicMessageCell.swift in Sources */ = {isa = PBXBuildFile; fileRef = 963EACA22691C92D00624356 /* BasicMessageCell.swift */; };
		963EACA92691C97F00624356 /* FullMessageCell.swift in Sources */ = {isa = PBXBuildFile; fileRef = 963EACA82691C97F00624356 /* FullMessageCell.swift */; };
		963EACAB2691EF6D00624356 /* FriendMessageCell.swift in Sources */ = {isa = PBXBuildFile; fileRef = 963EACAA2691EF6D00624356 /* FriendMessageCell.swift */; };
		963EACAD2691F97C00624356 /* MyMessageCell.swift in Sources */ = {isa = PBXBuildFile; fileRef = 963EACAC2691F97C00624356 /* MyMessageCell.swift */; };
		96A676A0269289A000DE706D /* TextMessageView.swift in Sources */ = {isa = PBXBuildFile; fileRef = 96A6769F269289A000DE706D /* TextMessageView.swift */; };
		96A676A2269289B900DE706D /* TextMessageView.xib in Resources */ = {isa = PBXBuildFile; fileRef = 96A676A1269289B900DE706D /* TextMessageView.xib */; };
		96A676A426928A8E00DE706D /* MyTextMessageCell.swift in Sources */ = {isa = PBXBuildFile; fileRef = 96A676A326928A8E00DE706D /* MyTextMessageCell.swift */; };
		96A676A626928B5C00DE706D /* FriendTextMessageCell.swift in Sources */ = {isa = PBXBuildFile; fileRef = 96A676A526928B5C00DE706D /* FriendTextMessageCell.swift */; };
/* End PBXBuildFile section */

/* Begin PBXFileReference section */
		9635EB0A2695F29100BAAF57 /* ImageMessageView.xib */ = {isa = PBXFileReference; fileEncoding = 4; lastKnownFileType = file.xib; path = ImageMessageView.xib; sourceTree = "<group>"; };
		9635EB0B2695F29100BAAF57 /* ImageMessageView.swift */ = {isa = PBXFileReference; fileEncoding = 4; lastKnownFileType = sourcecode.swift; path = ImageMessageView.swift; sourceTree = "<group>"; };
		9635EB0E2695F49500BAAF57 /* MessageCalculate.swift */ = {isa = PBXFileReference; lastKnownFileType = sourcecode.swift; path = MessageCalculate.swift; sourceTree = "<group>"; };
		9635EB1026969BBD00BAAF57 /* FriendImageMessageCell.swift */ = {isa = PBXFileReference; lastKnownFileType = sourcecode.swift; path = FriendImageMessageCell.swift; sourceTree = "<group>"; };
		9635EB1226969BC800BAAF57 /* MyImageMessageCell.swift */ = {isa = PBXFileReference; lastKnownFileType = sourcecode.swift; path = MyImageMessageCell.swift; sourceTree = "<group>"; };
		9635EB1426969D7400BAAF57 /* ChestMessageView.xib */ = {isa = PBXFileReference; fileEncoding = 4; lastKnownFileType = file.xib; path = ChestMessageView.xib; sourceTree = "<group>"; };
		9635EB1526969D7400BAAF57 /* StickerMessageView.xib */ = {isa = PBXFileReference; fileEncoding = 4; lastKnownFileType = file.xib; path = StickerMessageView.xib; sourceTree = "<group>"; };
		9635EB1626969D7400BAAF57 /* StickersComboMessageView.xib */ = {isa = PBXFileReference; fileEncoding = 4; lastKnownFileType = file.xib; path = StickersComboMessageView.xib; sourceTree = "<group>"; };
		9635EB1726969D7400BAAF57 /* ReplyMessageView.xib */ = {isa = PBXFileReference; fileEncoding = 4; lastKnownFileType = file.xib; path = ReplyMessageView.xib; sourceTree = "<group>"; };
		9635EB1826969D7400BAAF57 /* VideoMessageView.swift */ = {isa = PBXFileReference; fileEncoding = 4; lastKnownFileType = sourcecode.swift; path = VideoMessageView.swift; sourceTree = "<group>"; };
		9635EB1926969D7400BAAF57 /* StickersComboMessageView.swift */ = {isa = PBXFileReference; fileEncoding = 4; lastKnownFileType = sourcecode.swift; path = StickersComboMessageView.swift; sourceTree = "<group>"; };
		9635EB1A26969D7400BAAF57 /* VideoMessageView.xib */ = {isa = PBXFileReference; fileEncoding = 4; lastKnownFileType = file.xib; path = VideoMessageView.xib; sourceTree = "<group>"; };
		9635EB1B26969D7400BAAF57 /* ChestMessageView.swift */ = {isa = PBXFileReference; fileEncoding = 4; lastKnownFileType = sourcecode.swift; path = ChestMessageView.swift; sourceTree = "<group>"; };
		9635EB1C26969D7400BAAF57 /* AudioMessageView.swift */ = {isa = PBXFileReference; fileEncoding = 4; lastKnownFileType = sourcecode.swift; path = AudioMessageView.swift; sourceTree = "<group>"; };
		9635EB1D26969D7400BAAF57 /* ReplyMessageView.swift */ = {isa = PBXFileReference; fileEncoding = 4; lastKnownFileType = sourcecode.swift; path = ReplyMessageView.swift; sourceTree = "<group>"; };
		9635EB1E26969D7400BAAF57 /* StickerMessageView.swift */ = {isa = PBXFileReference; fileEncoding = 4; lastKnownFileType = sourcecode.swift; path = StickerMessageView.swift; sourceTree = "<group>"; };
		9635EB1F26969D7400BAAF57 /* AudioMessageView.xib */ = {isa = PBXFileReference; fileEncoding = 4; lastKnownFileType = file.xib; path = AudioMessageView.xib; sourceTree = "<group>"; };
		9635EB2C26969FE700BAAF57 /* MyAudioMessageCell.swift */ = {isa = PBXFileReference; lastKnownFileType = sourcecode.swift; path = MyAudioMessageCell.swift; sourceTree = "<group>"; };
		9635EB2E2696A03A00BAAF57 /* MyChestMessageCell.swift */ = {isa = PBXFileReference; lastKnownFileType = sourcecode.swift; path = MyChestMessageCell.swift; sourceTree = "<group>"; };
		9635EB302696A07A00BAAF57 /* MyStickerMessageCell.swift */ = {isa = PBXFileReference; lastKnownFileType = sourcecode.swift; path = MyStickerMessageCell.swift; sourceTree = "<group>"; };
		9635EB322696A15400BAAF57 /* MyVideoMessageCell.swift */ = {isa = PBXFileReference; lastKnownFileType = sourcecode.swift; path = MyVideoMessageCell.swift; sourceTree = "<group>"; };
		9635EB342696A20A00BAAF57 /* FriendAudioMessageCell.swift */ = {isa = PBXFileReference; lastKnownFileType = sourcecode.swift; path = FriendAudioMessageCell.swift; sourceTree = "<group>"; };
		9635EB362696A24A00BAAF57 /* FriendChestMessageCell.swift */ = {isa = PBXFileReference; lastKnownFileType = sourcecode.swift; path = FriendChestMessageCell.swift; sourceTree = "<group>"; };
		9635EB382696A28100BAAF57 /* FullChestMessageCell.swift */ = {isa = PBXFileReference; lastKnownFileType = sourcecode.swift; path = FullChestMessageCell.swift; sourceTree = "<group>"; };
		9635EB3A2696A32C00BAAF57 /* FriendStickerMessageCell.swift */ = {isa = PBXFileReference; lastKnownFileType = sourcecode.swift; path = FriendStickerMessageCell.swift; sourceTree = "<group>"; };
		9635EB3C2696A37100BAAF57 /* FriendVideoMessageCell.swift */ = {isa = PBXFileReference; lastKnownFileType = sourcecode.swift; path = FriendVideoMessageCell.swift; sourceTree = "<group>"; };
		963EAC882691597B00624356 /* MessageCell.app */ = {isa = PBXFileReference; explicitFileType = wrapper.application; includeInIndex = 0; path = MessageCell.app; sourceTree = BUILT_PRODUCTS_DIR; };
		963EAC8B2691597B00624356 /* AppDelegate.swift */ = {isa = PBXFileReference; lastKnownFileType = sourcecode.swift; path = AppDelegate.swift; sourceTree = "<group>"; };
		963EAC8F2691597B00624356 /* ViewController.swift */ = {isa = PBXFileReference; lastKnownFileType = sourcecode.swift; path = ViewController.swift; sourceTree = "<group>"; };
		963EAC922691597B00624356 /* Base */ = {isa = PBXFileReference; lastKnownFileType = file.storyboard; name = Base; path = Base.lproj/Main.storyboard; sourceTree = "<group>"; };
		963EAC942691597C00624356 /* Assets.xcassets */ = {isa = PBXFileReference; lastKnownFileType = folder.assetcatalog; path = Assets.xcassets; sourceTree = "<group>"; };
		963EAC972691597C00624356 /* Base */ = {isa = PBXFileReference; lastKnownFileType = file.storyboard; name = Base; path = Base.lproj/LaunchScreen.storyboard; sourceTree = "<group>"; };
		963EAC992691597C00624356 /* Info.plist */ = {isa = PBXFileReference; lastKnownFileType = text.plist.xml; path = Info.plist; sourceTree = "<group>"; };
		963EAC9F26915A9C00624356 /* ViewConstraints.swift */ = {isa = PBXFileReference; lastKnownFileType = sourcecode.swift; path = ViewConstraints.swift; sourceTree = "<group>"; };
		963EACA22691C92D00624356 /* BasicMessageCell.swift */ = {isa = PBXFileReference; lastKnownFileType = sourcecode.swift; path = BasicMessageCell.swift; sourceTree = "<group>"; };
		963EACA82691C97F00624356 /* FullMessageCell.swift */ = {isa = PBXFileReference; lastKnownFileType = sourcecode.swift; path = FullMessageCell.swift; sourceTree = "<group>"; };
		963EACAA2691EF6D00624356 /* FriendMessageCell.swift */ = {isa = PBXFileReference; lastKnownFileType = sourcecode.swift; path = FriendMessageCell.swift; sourceTree = "<group>"; };
		963EACAC2691F97C00624356 /* MyMessageCell.swift */ = {isa = PBXFileReference; lastKnownFileType = sourcecode.swift; path = MyMessageCell.swift; sourceTree = "<group>"; };
		96A6769F269289A000DE706D /* TextMessageView.swift */ = {isa = PBXFileReference; lastKnownFileType = sourcecode.swift; path = TextMessageView.swift; sourceTree = "<group>"; };
		96A676A1269289B900DE706D /* TextMessageView.xib */ = {isa = PBXFileReference; lastKnownFileType = file.xib; path = TextMessageView.xib; sourceTree = "<group>"; };
		96A676A326928A8E00DE706D /* MyTextMessageCell.swift */ = {isa = PBXFileReference; lastKnownFileType = sourcecode.swift; path = MyTextMessageCell.swift; sourceTree = "<group>"; };
		96A676A526928B5C00DE706D /* FriendTextMessageCell.swift */ = {isa = PBXFileReference; lastKnownFileType = sourcecode.swift; path = FriendTextMessageCell.swift; sourceTree = "<group>"; };
/* End PBXFileReference section */

/* Begin PBXFrameworksBuildPhase section */
		963EAC852691597B00624356 /* Frameworks */ = {
			isa = PBXFrameworksBuildPhase;
			buildActionMask = 2147483647;
			files = (
			);
			runOnlyForDeploymentPostprocessing = 0;
		};
/* End PBXFrameworksBuildPhase section */

/* Begin PBXGroup section */
		963EAC7F2691597B00624356 = {
			isa = PBXGroup;
			children = (
				963EAC8A2691597B00624356 /* MessageCell */,
				963EAC892691597B00624356 /* Products */,
			);
			sourceTree = "<group>";
		};
		963EAC892691597B00624356 /* Products */ = {
			isa = PBXGroup;
			children = (
				963EAC882691597B00624356 /* MessageCell.app */,
			);
			name = Products;
			sourceTree = "<group>";
		};
		963EAC8A2691597B00624356 /* MessageCell */ = {
			isa = PBXGroup;
			children = (
				963EACA12691C90F00624356 /* Cell */,
				963EAC8B2691597B00624356 /* AppDelegate.swift */,
				963EAC8F2691597B00624356 /* ViewController.swift */,
				963EAC912691597B00624356 /* Main.storyboard */,
				963EAC942691597C00624356 /* Assets.xcassets */,
				963EAC962691597C00624356 /* LaunchScreen.storyboard */,
				963EAC992691597C00624356 /* Info.plist */,
				963EAC9F26915A9C00624356 /* ViewConstraints.swift */,
				9635EB0E2695F49500BAAF57 /* MessageCalculate.swift */,
			);
			path = MessageCell;
			sourceTree = "<group>";
		};
		963EACA12691C90F00624356 /* Cell */ = {
			isa = PBXGroup;
			children = (
				96A6769E2692832700DE706D /* View */,
				963EACA72691C94C00624356 /* FullMessage */,
				963EACA62691C94500624356 /* FriendMessage */,
				963EACA42691C93400624356 /* MyMessage */,
				963EACA22691C92D00624356 /* BasicMessageCell.swift */,
			);
			path = Cell;
			sourceTree = "<group>";
		};
		963EACA42691C93400624356 /* MyMessage */ = {
			isa = PBXGroup;
			children = (
				963EACAC2691F97C00624356 /* MyMessageCell.swift */,
				96A676A326928A8E00DE706D /* MyTextMessageCell.swift */,
				9635EB1226969BC800BAAF57 /* MyImageMessageCell.swift */,
				9635EB2C26969FE700BAAF57 /* MyAudioMessageCell.swift */,
				9635EB2E2696A03A00BAAF57 /* MyChestMessageCell.swift */,
				9635EB302696A07A00BAAF57 /* MyStickerMessageCell.swift */,
				9635EB322696A15400BAAF57 /* MyVideoMessageCell.swift */,
			);
			path = MyMessage;
			sourceTree = "<group>";
		};
		963EACA62691C94500624356 /* FriendMessage */ = {
			isa = PBXGroup;
			children = (
				963EACAA2691EF6D00624356 /* FriendMessageCell.swift */,
				96A676A526928B5C00DE706D /* FriendTextMessageCell.swift */,
				9635EB1026969BBD00BAAF57 /* FriendImageMessageCell.swift */,
				9635EB342696A20A00BAAF57 /* FriendAudioMessageCell.swift */,
				9635EB362696A24A00BAAF57 /* FriendChestMessageCell.swift */,
				9635EB3A2696A32C00BAAF57 /* FriendStickerMessageCell.swift */,
				9635EB3C2696A37100BAAF57 /* FriendVideoMessageCell.swift */,
			);
			path = FriendMessage;
			sourceTree = "<group>";
		};
		963EACA72691C94C00624356 /* FullMessage */ = {
			isa = PBXGroup;
			children = (
				963EACA82691C97F00624356 /* FullMessageCell.swift */,
				9635EB382696A28100BAAF57 /* FullChestMessageCell.swift */,
			);
			path = FullMessage;
			sourceTree = "<group>";
		};
		96A6769E2692832700DE706D /* View */ = {
			isa = PBXGroup;
			children = (
				96A6769F269289A000DE706D /* TextMessageView.swift */,
				96A676A1269289B900DE706D /* TextMessageView.xib */,
				9635EB0B2695F29100BAAF57 /* ImageMessageView.swift */,
				9635EB0A2695F29100BAAF57 /* ImageMessageView.xib */,
				9635EB1C26969D7400BAAF57 /* AudioMessageView.swift */,
				9635EB1F26969D7400BAAF57 /* AudioMessageView.xib */,
				9635EB1B26969D7400BAAF57 /* ChestMessageView.swift */,
				9635EB1426969D7400BAAF57 /* ChestMessageView.xib */,
				9635EB1D26969D7400BAAF57 /* ReplyMessageView.swift */,
				9635EB1726969D7400BAAF57 /* ReplyMessageView.xib */,
				9635EB1E26969D7400BAAF57 /* StickerMessageView.swift */,
				9635EB1526969D7400BAAF57 /* StickerMessageView.xib */,
				9635EB1926969D7400BAAF57 /* StickersComboMessageView.swift */,
				9635EB1626969D7400BAAF57 /* StickersComboMessageView.xib */,
				9635EB1826969D7400BAAF57 /* VideoMessageView.swift */,
				9635EB1A26969D7400BAAF57 /* VideoMessageView.xib */,
			);
			path = View;
			sourceTree = "<group>";
		};
/* End PBXGroup section */

/* Begin PBXNativeTarget section */
		963EAC872691597B00624356 /* MessageCell */ = {
			isa = PBXNativeTarget;
			buildConfigurationList = 963EAC9C2691597C00624356 /* Build configuration list for PBXNativeTarget "MessageCell" */;
			buildPhases = (
				963EAC842691597B00624356 /* Sources */,
				963EAC852691597B00624356 /* Frameworks */,
				963EAC862691597B00624356 /* Resources */,
			);
			buildRules = (
			);
			dependencies = (
			);
			name = MessageCell;
			productName = MessageCell;
			productReference = 963EAC882691597B00624356 /* MessageCell.app */;
			productType = "com.apple.product-type.application";
		};
/* End PBXNativeTarget section */

/* Begin PBXProject section */
		963EAC802691597B00624356 /* Project object */ = {
			isa = PBXProject;
			attributes = {
				LastSwiftUpdateCheck = 1250;
				LastUpgradeCheck = 1250;
				TargetAttributes = {
					963EAC872691597B00624356 = {
						CreatedOnToolsVersion = 12.5.1;
					};
				};
			};
			buildConfigurationList = 963EAC832691597B00624356 /* Build configuration list for PBXProject "MessageCell" */;
			compatibilityVersion = "Xcode 9.3";
			developmentRegion = en;
			hasScannedForEncodings = 0;
			knownRegions = (
				en,
				Base,
			);
			mainGroup = 963EAC7F2691597B00624356;
			productRefGroup = 963EAC892691597B00624356 /* Products */;
			projectDirPath = "";
			projectRoot = "";
			targets = (
				963EAC872691597B00624356 /* MessageCell */,
			);
		};
/* End PBXProject section */

/* Begin PBXResourcesBuildPhase section */
		963EAC862691597B00624356 /* Resources */ = {
			isa = PBXResourcesBuildPhase;
			buildActionMask = 2147483647;
			files = (
				9635EB2026969D7400BAAF57 /* ChestMessageView.xib in Resources */,
				963EAC982691597C00624356 /* LaunchScreen.storyboard in Resources */,
				9635EB2326969D7400BAAF57 /* ReplyMessageView.xib in Resources */,
				96A676A2269289B900DE706D /* TextMessageView.xib in Resources */,
				9635EB2626969D7400BAAF57 /* VideoMessageView.xib in Resources */,
				9635EB2B26969D7400BAAF57 /* AudioMessageView.xib in Resources */,
				9635EB0C2695F29100BAAF57 /* ImageMessageView.xib in Resources */,
				963EAC952691597C00624356 /* Assets.xcassets in Resources */,
				9635EB2226969D7400BAAF57 /* StickersComboMessageView.xib in Resources */,
				9635EB2126969D7400BAAF57 /* StickerMessageView.xib in Resources */,
				963EAC932691597B00624356 /* Main.storyboard in Resources */,
			);
			runOnlyForDeploymentPostprocessing = 0;
		};
/* End PBXResourcesBuildPhase section */

/* Begin PBXSourcesBuildPhase section */
		963EAC842691597B00624356 /* Sources */ = {
			isa = PBXSourcesBuildPhase;
			buildActionMask = 2147483647;
			files = (
				9635EB2426969D7400BAAF57 /* VideoMessageView.swift in Sources */,
				9635EB312696A07A00BAAF57 /* MyStickerMessageCell.swift in Sources */,
				9635EB2526969D7400BAAF57 /* StickersComboMessageView.swift in Sources */,
				96A676A626928B5C00DE706D /* FriendTextMessageCell.swift in Sources */,
				9635EB2826969D7400BAAF57 /* AudioMessageView.swift in Sources */,
				9635EB1126969BBD00BAAF57 /* FriendImageMessageCell.swift in Sources */,
				963EACA32691C92D00624356 /* BasicMessageCell.swift in Sources */,
				9635EB0D2695F29100BAAF57 /* ImageMessageView.swift in Sources */,
				9635EB2926969D7400BAAF57 /* ReplyMessageView.swift in Sources */,
				9635EB2D26969FE700BAAF57 /* MyAudioMessageCell.swift in Sources */,
				96A676A426928A8E00DE706D /* MyTextMessageCell.swift in Sources */,
				9635EB3B2696A32C00BAAF57 /* FriendStickerMessageCell.swift in Sources */,
				9635EB372696A24A00BAAF57 /* FriendChestMessageCell.swift in Sources */,
				9635EB1326969BC800BAAF57 /* MyImageMessageCell.swift in Sources */,
				963EACA026915A9C00624356 /* ViewConstraints.swift in Sources */,
				9635EB392696A28100BAAF57 /* FullChestMessageCell.swift in Sources */,
				963EACA92691C97F00624356 /* FullMessageCell.swift in Sources */,
				9635EB2A26969D7400BAAF57 /* StickerMessageView.swift in Sources */,
				963EACAB2691EF6D00624356 /* FriendMessageCell.swift in Sources */,
				963EAC902691597B00624356 /* ViewController.swift in Sources */,
				9635EB352696A20A00BAAF57 /* FriendAudioMessageCell.swift in Sources */,
				9635EB0F2695F49500BAAF57 /* MessageCalculate.swift in Sources */,
				96A676A0269289A000DE706D /* TextMessageView.swift in Sources */,
				963EACAD2691F97C00624356 /* MyMessageCell.swift in Sources */,
				9635EB3D2696A37100BAAF57 /* FriendVideoMessageCell.swift in Sources */,
				9635EB2F2696A03A00BAAF57 /* MyChestMessageCell.swift in Sources */,
				9635EB332696A15400BAAF57 /* MyVideoMessageCell.swift in Sources */,
				9635EB2726969D7400BAAF57 /* ChestMessageView.swift in Sources */,
				963EAC8C2691597B00624356 /* AppDelegate.swift in Sources */,
			);
			runOnlyForDeploymentPostprocessing = 0;
		};
/* End PBXSourcesBuildPhase section */

/* Begin PBXVariantGroup section */
		963EAC912691597B00624356 /* Main.storyboard */ = {
			isa = PBXVariantGroup;
			children = (
				963EAC922691597B00624356 /* Base */,
			);
			name = Main.storyboard;
			sourceTree = "<group>";
		};
		963EAC962691597C00624356 /* LaunchScreen.storyboard */ = {
			isa = PBXVariantGroup;
			children = (
				963EAC972691597C00624356 /* Base */,
			);
			name = LaunchScreen.storyboard;
			sourceTree = "<group>";
		};
/* End PBXVariantGroup section */

/* Begin XCBuildConfiguration section */
		963EAC9A2691597C00624356 /* Debug */ = {
			isa = XCBuildConfiguration;
			buildSettings = {
				ALWAYS_SEARCH_USER_PATHS = NO;
				CLANG_ANALYZER_NONNULL = YES;
				CLANG_ANALYZER_NUMBER_OBJECT_CONVERSION = YES_AGGRESSIVE;
				CLANG_CXX_LANGUAGE_STANDARD = "gnu++14";
				CLANG_CXX_LIBRARY = "libc++";
				CLANG_ENABLE_MODULES = YES;
				CLANG_ENABLE_OBJC_ARC = YES;
				CLANG_ENABLE_OBJC_WEAK = YES;
				CLANG_WARN_BLOCK_CAPTURE_AUTORELEASING = YES;
				CLANG_WARN_BOOL_CONVERSION = YES;
				CLANG_WARN_COMMA = YES;
				CLANG_WARN_CONSTANT_CONVERSION = YES;
				CLANG_WARN_DEPRECATED_OBJC_IMPLEMENTATIONS = YES;
				CLANG_WARN_DIRECT_OBJC_ISA_USAGE = YES_ERROR;
				CLANG_WARN_DOCUMENTATION_COMMENTS = YES;
				CLANG_WARN_EMPTY_BODY = YES;
				CLANG_WARN_ENUM_CONVERSION = YES;
				CLANG_WARN_INFINITE_RECURSION = YES;
				CLANG_WARN_INT_CONVERSION = YES;
				CLANG_WARN_NON_LITERAL_NULL_CONVERSION = YES;
				CLANG_WARN_OBJC_IMPLICIT_RETAIN_SELF = YES;
				CLANG_WARN_OBJC_LITERAL_CONVERSION = YES;
				CLANG_WARN_OBJC_ROOT_CLASS = YES_ERROR;
				CLANG_WARN_QUOTED_INCLUDE_IN_FRAMEWORK_HEADER = YES;
				CLANG_WARN_RANGE_LOOP_ANALYSIS = YES;
				CLANG_WARN_STRICT_PROTOTYPES = YES;
				CLANG_WARN_SUSPICIOUS_MOVE = YES;
				CLANG_WARN_UNGUARDED_AVAILABILITY = YES_AGGRESSIVE;
				CLANG_WARN_UNREACHABLE_CODE = YES;
				CLANG_WARN__DUPLICATE_METHOD_MATCH = YES;
				COPY_PHASE_STRIP = NO;
				DEBUG_INFORMATION_FORMAT = dwarf;
				ENABLE_STRICT_OBJC_MSGSEND = YES;
				ENABLE_TESTABILITY = YES;
				GCC_C_LANGUAGE_STANDARD = gnu11;
				GCC_DYNAMIC_NO_PIC = NO;
				GCC_NO_COMMON_BLOCKS = YES;
				GCC_OPTIMIZATION_LEVEL = 0;
				GCC_PREPROCESSOR_DEFINITIONS = (
					"DEBUG=1",
					"$(inherited)",
				);
				GCC_WARN_64_TO_32_BIT_CONVERSION = YES;
				GCC_WARN_ABOUT_RETURN_TYPE = YES_ERROR;
				GCC_WARN_UNDECLARED_SELECTOR = YES;
				GCC_WARN_UNINITIALIZED_AUTOS = YES_AGGRESSIVE;
				GCC_WARN_UNUSED_FUNCTION = YES;
				GCC_WARN_UNUSED_VARIABLE = YES;
				IPHONEOS_DEPLOYMENT_TARGET = 11.0;
				MTL_ENABLE_DEBUG_INFO = INCLUDE_SOURCE;
				MTL_FAST_MATH = YES;
				ONLY_ACTIVE_ARCH = YES;
				SDKROOT = iphoneos;
				SWIFT_ACTIVE_COMPILATION_CONDITIONS = DEBUG;
				SWIFT_OPTIMIZATION_LEVEL = "-Onone";
			};
			name = Debug;
		};
		963EAC9B2691597C00624356 /* Release */ = {
			isa = XCBuildConfiguration;
			buildSettings = {
				ALWAYS_SEARCH_USER_PATHS = NO;
				CLANG_ANALYZER_NONNULL = YES;
				CLANG_ANALYZER_NUMBER_OBJECT_CONVERSION = YES_AGGRESSIVE;
				CLANG_CXX_LANGUAGE_STANDARD = "gnu++14";
				CLANG_CXX_LIBRARY = "libc++";
				CLANG_ENABLE_MODULES = YES;
				CLANG_ENABLE_OBJC_ARC = YES;
				CLANG_ENABLE_OBJC_WEAK = YES;
				CLANG_WARN_BLOCK_CAPTURE_AUTORELEASING = YES;
				CLANG_WARN_BOOL_CONVERSION = YES;
				CLANG_WARN_COMMA = YES;
				CLANG_WARN_CONSTANT_CONVERSION = YES;
				CLANG_WARN_DEPRECATED_OBJC_IMPLEMENTATIONS = YES;
				CLANG_WARN_DIRECT_OBJC_ISA_USAGE = YES_ERROR;
				CLANG_WARN_DOCUMENTATION_COMMENTS = YES;
				CLANG_WARN_EMPTY_BODY = YES;
				CLANG_WARN_ENUM_CONVERSION = YES;
				CLANG_WARN_INFINITE_RECURSION = YES;
				CLANG_WARN_INT_CONVERSION = YES;
				CLANG_WARN_NON_LITERAL_NULL_CONVERSION = YES;
				CLANG_WARN_OBJC_IMPLICIT_RETAIN_SELF = YES;
				CLANG_WARN_OBJC_LITERAL_CONVERSION = YES;
				CLANG_WARN_OBJC_ROOT_CLASS = YES_ERROR;
				CLANG_WARN_QUOTED_INCLUDE_IN_FRAMEWORK_HEADER = YES;
				CLANG_WARN_RANGE_LOOP_ANALYSIS = YES;
				CLANG_WARN_STRICT_PROTOTYPES = YES;
				CLANG_WARN_SUSPICIOUS_MOVE = YES;
				CLANG_WARN_UNGUARDED_AVAILABILITY = YES_AGGRESSIVE;
				CLANG_WARN_UNREACHABLE_CODE = YES;
				CLANG_WARN__DUPLICATE_METHOD_MATCH = YES;
				COPY_PHASE_STRIP = NO;
				DEBUG_INFORMATION_FORMAT = "dwarf-with-dsym";
				ENABLE_NS_ASSERTIONS = NO;
				ENABLE_STRICT_OBJC_MSGSEND = YES;
				GCC_C_LANGUAGE_STANDARD = gnu11;
				GCC_NO_COMMON_BLOCKS = YES;
				GCC_WARN_64_TO_32_BIT_CONVERSION = YES;
				GCC_WARN_ABOUT_RETURN_TYPE = YES_ERROR;
				GCC_WARN_UNDECLARED_SELECTOR = YES;
				GCC_WARN_UNINITIALIZED_AUTOS = YES_AGGRESSIVE;
				GCC_WARN_UNUSED_FUNCTION = YES;
				GCC_WARN_UNUSED_VARIABLE = YES;
				IPHONEOS_DEPLOYMENT_TARGET = 11.0;
				MTL_ENABLE_DEBUG_INFO = NO;
				MTL_FAST_MATH = YES;
				SDKROOT = iphoneos;
				SWIFT_COMPILATION_MODE = wholemodule;
				SWIFT_OPTIMIZATION_LEVEL = "-O";
				VALIDATE_PRODUCT = YES;
			};
			name = Release;
		};
		963EAC9D2691597C00624356 /* Debug */ = {
			isa = XCBuildConfiguration;
			buildSettings = {
				ASSETCATALOG_COMPILER_APPICON_NAME = AppIcon;
				ASSETCATALOG_COMPILER_GLOBAL_ACCENT_COLOR_NAME = AccentColor;
				CODE_SIGN_STYLE = Automatic;
				DEVELOPMENT_TEAM = DTR5DTQ2DE;
				INFOPLIST_FILE = MessageCell/Info.plist;
				IPHONEOS_DEPLOYMENT_TARGET = 11.2;
				LD_RUNPATH_SEARCH_PATHS = (
					"$(inherited)",
					"@executable_path/Frameworks",
				);
				PRODUCT_BUNDLE_IDENTIFIER = Ray.MessageCell;
				PRODUCT_NAME = "$(TARGET_NAME)";
				SWIFT_VERSION = 5.0;
				TARGETED_DEVICE_FAMILY = 1;
			};
			name = Debug;
		};
		963EAC9E2691597C00624356 /* Release */ = {
			isa = XCBuildConfiguration;
			buildSettings = {
				ASSETCATALOG_COMPILER_APPICON_NAME = AppIcon;
				ASSETCATALOG_COMPILER_GLOBAL_ACCENT_COLOR_NAME = AccentColor;
				CODE_SIGN_STYLE = Automatic;
				DEVELOPMENT_TEAM = DTR5DTQ2DE;
				INFOPLIST_FILE = MessageCell/Info.plist;
				IPHONEOS_DEPLOYMENT_TARGET = 11.2;
				LD_RUNPATH_SEARCH_PATHS = (
					"$(inherited)",
					"@executable_path/Frameworks",
				);
				PRODUCT_BUNDLE_IDENTIFIER = Ray.MessageCell;
				PRODUCT_NAME = "$(TARGET_NAME)";
				SWIFT_VERSION = 5.0;
				TARGETED_DEVICE_FAMILY = 1;
			};
			name = Release;
		};
/* End XCBuildConfiguration section */

/* Begin XCConfigurationList section */
		963EAC832691597B00624356 /* Build configuration list for PBXProject "MessageCell" */ = {
			isa = XCConfigurationList;
			buildConfigurations = (
				963EAC9A2691597C00624356 /* Debug */,
				963EAC9B2691597C00624356 /* Release */,
			);
			defaultConfigurationIsVisible = 0;
			defaultConfigurationName = Release;
		};
		963EAC9C2691597C00624356 /* Build configuration list for PBXNativeTarget "MessageCell" */ = {
			isa = XCConfigurationList;
			buildConfigurations = (
				963EAC9D2691597C00624356 /* Debug */,
				963EAC9E2691597C00624356 /* Release */,
			);
			defaultConfigurationIsVisible = 0;
			defaultConfigurationName = Release;
		};
/* End XCConfigurationList section */
	};
	rootObject = 963EAC802691597B00624356 /* Project object */;
}
